
Microsoft Visual Studio Solution File, Format Version 12.00
# Visual Studio Version 17
VisualStudioVersion = 17.0.32002.185
MinimumVisualStudioVersion = 10.0.40219.1
Project("{9A19103F-16F7-4668-BE54-9A1E7A4F7556}") = "Microsoft.Azure.CosmosRepository", "src\Microsoft.Azure.CosmosRepository\Microsoft.Azure.CosmosRepository.csproj", "{82E2D15C-7E53-4B77-A90A-9BADF185D564}"
EndProject
Project("{9A19103F-16F7-4668-BE54-9A1E7A4F7556}") = "Microsoft.Azure.CosmosRepository.AspNetCore", "src\Microsoft.Azure.CosmosRepository.AspNetCore\Microsoft.Azure.CosmosRepository.AspNetCore.csproj", "{A57B9AC9-8CAF-47AA-9F70-EDF9B48C12A7}"
EndProject
Project("{2150E333-8FDC-42A3-9474-1A3956D46DE8}") = "Repository", "Repository", "{13E01BD9-4BEB-43A1-9004-853366CE5C04}"
EndProject
Project("{2150E333-8FDC-42A3-9474-1A3956D46DE8}") = "AspNetCore", "AspNetCore", "{3D8EDE92-2014-4AD5-8EDD-69A2DEA33928}"
EndProject
Global
	GlobalSection(SolutionConfigurationPlatforms) = preSolution
		Debug|Any CPU = Debug|Any CPU
		Release|Any CPU = Release|Any CPU
	EndGlobalSection
	GlobalSection(ProjectConfigurationPlatforms) = postSolution
		{82E2D15C-7E53-4B77-A90A-9BADF185D564}.Debug|Any CPU.ActiveCfg = Debug|Any CPU
		{82E2D15C-7E53-4B77-A90A-9BADF185D564}.Debug|Any CPU.Build.0 = Debug|Any CPU
		{82E2D15C-7E53-4B77-A90A-9BADF185D564}.Release|Any CPU.ActiveCfg = Release|Any CPU
		{82E2D15C-7E53-4B77-A90A-9BADF185D564}.Release|Any CPU.Build.0 = Release|Any CPU
		{A57B9AC9-8CAF-47AA-9F70-EDF9B48C12A7}.Debug|Any CPU.ActiveCfg = Debug|Any CPU
		{A57B9AC9-8CAF-47AA-9F70-EDF9B48C12A7}.Debug|Any CPU.Build.0 = Debug|Any CPU
		{A57B9AC9-8CAF-47AA-9F70-EDF9B48C12A7}.Release|Any CPU.ActiveCfg = Release|Any CPU
		{A57B9AC9-8CAF-47AA-9F70-EDF9B48C12A7}.Release|Any CPU.Build.0 = Release|Any CPU
	EndGlobalSection
	GlobalSection(SolutionProperties) = preSolution
		HideSolutionNode = FALSE
	EndGlobalSection
	GlobalSection(NestedProjects) = preSolution
		{82E2D15C-7E53-4B77-A90A-9BADF185D564} = {13E01BD9-4BEB-43A1-9004-853366CE5C04}
		{A57B9AC9-8CAF-47AA-9F70-EDF9B48C12A7} = {3D8EDE92-2014-4AD5-8EDD-69A2DEA33928}
	EndGlobalSection
	GlobalSection(ExtensibilityGlobals) = postSolution
		SolutionGuid = {6AAE7641-B62C-48BA-8FE6-0F819E5B45EF}
	EndGlobalSection
EndGlobal
